PODS:
  - Alamofire (4.7.3)
  - RxSwift (4.2.0)
  - SDWebImage (4.4.2):
    - SDWebImage/Core (= 4.4.2)
  - SDWebImage/Core (4.4.2)

DEPENDENCIES:
  - Alamofire (~> 4.7)
  - RxSwift
  - SDWebImage (~> 4.4)

SPEC REPOS:
  https://github.com/cocoapods/specs.git:
    - Alamofire
    - RxSwift
    - SDWebImage

SPEC CHECKSUMS:
  Alamofire: c7287b6e5d7da964a70935e5db17046b7fde6568
  RxSwift: 99e10317ddfcc7fbe01356aafd118fde4a0be104
  SDWebImage: 624d6e296c69b244bcede364c72ae0430ac14681

PODFILE CHECKSUM: 672585da57694aed5a0ba03fc24d198129860acb

COCOAPODS: 1.5.3
