// !$*UTF8*$!
{
	archiveVersion = 1;
	classes = {
	};
	objectVersion = 50;
	objects = {

/* Begin PBXBuildFile section */
		C06DCF36FEE5AADDA211069A /* Pods_PeerlabPD.framework in Frameworks */ = {isa = PBXBuildFile; fileRef = F9AD2DBE372E69104DFF22BE /* Pods_PeerlabPD.framework */; };
		EA2B0EC62233BF3F0087295A /* State.swift in Sources */ = {isa = PBXBuildFile; fileRef = EA2B0EC52233BF3F0087295A /* State.swift */; };
		EA2B0EC82233BF9A0087295A /* StateRepository.swift in Sources */ = {isa = PBXBuildFile; fileRef = EA2B0EC72233BF9A0087295A /* StateRepository.swift */; };
		EA2B0ECA2233BFA80087295A /* StateLoading.swift in Sources */ = {isa = PBXBuildFile; fileRef = EA2B0EC92233BFA80087295A /* StateLoading.swift */; };
		EA2B0ECD2233C0F90087295A /* Action.swift in Sources */ = {isa = PBXBuildFile; fileRef = EA2B0ECC2233C0F90087295A /* Action.swift */; };
		EA2B0ECF2233C12C0087295A /* RepositoriesDidLoad.swift in Sources */ = {isa = PBXBuildFile; fileRef = EA2B0ECE2233C12C0087295A /* RepositoriesDidLoad.swift */; };
		EA2B0ED12233C1810087295A /* RepositoriesFailLoading.swift in Sources */ = {isa = PBXBuildFile; fileRef = EA2B0ED02233C1810087295A /* RepositoriesFailLoading.swift */; };
		EA2B0ED32233C1C30087295A /* RepositoriesStartLoading.swift in Sources */ = {isa = PBXBuildFile; fileRef = EA2B0ED22233C1C30087295A /* RepositoriesStartLoading.swift */; };
		EA2B0EDC2233C52F0087295A /* PeerlabDPTests.swift in Sources */ = {isa = PBXBuildFile; fileRef = EA2B0EDB2233C52F0087295A /* PeerlabDPTests.swift */; };
		EA2B0EE42233C5640087295A /* RepositoriesLoadingTestCase.swift in Sources */ = {isa = PBXBuildFile; fileRef = EA2B0EE32233C5640087295A /* RepositoriesLoadingTestCase.swift */; };
		EA3C21FB21470F31006519DE /* AppDelegate.swift in Sources */ = {isa = PBXBuildFile; fileRef = EA3C21FA21470F31006519DE /* AppDelegate.swift */; };
		EA3C21FD21470F31006519DE /* ViewController.swift in Sources */ = {isa = PBXBuildFile; fileRef = EA3C21FC21470F31006519DE /* ViewController.swift */; };
		EA3C220021470F31006519DE /* Main.storyboard in Resources */ = {isa = PBXBuildFile; fileRef = EA3C21FE21470F31006519DE /* Main.storyboard */; };
		EA3C220221470F33006519DE /* Assets.xcassets in Resources */ = {isa = PBXBuildFile; fileRef = EA3C220121470F33006519DE /* Assets.xcassets */; };
		EA3C220521470F33006519DE /* LaunchScreen.storyboard in Resources */ = {isa = PBXBuildFile; fileRef = EA3C220321470F33006519DE /* LaunchScreen.storyboard */; };
		EA3C22212147162D006519DE /* Repository.swift in Sources */ = {isa = PBXBuildFile; fileRef = EA3C22202147162D006519DE /* Repository.swift */; };
		EA3C222321471774006519DE /* User.swift in Sources */ = {isa = PBXBuildFile; fileRef = EA3C222221471774006519DE /* User.swift */; };
		EA3C2225214719F9006519DE /* Environment.swift in Sources */ = {isa = PBXBuildFile; fileRef = EA3C2224214719F9006519DE /* Environment.swift */; };
		EA3C222721471A4F006519DE /* ErrorHandler.swift in Sources */ = {isa = PBXBuildFile; fileRef = EA3C222621471A4F006519DE /* ErrorHandler.swift */; };
		EA3C222C21471D10006519DE /* Request.swift in Sources */ = {isa = PBXBuildFile; fileRef = EA3C222B21471D10006519DE /* Request.swift */; };
		EA3C222E21471D1B006519DE /* NetworkDispatcher.swift in Sources */ = {isa = PBXBuildFile; fileRef = EA3C222D21471D1B006519DE /* NetworkDispatcher.swift */; };
		EA3C223421471FD8006519DE /* SearchService.swift in Sources */ = {isa = PBXBuildFile; fileRef = EA3C223321471FD8006519DE /* SearchService.swift */; };
		EA3C223621471FE8006519DE /* SearchRequest.swift in Sources */ = {isa = PBXBuildFile; fileRef = EA3C223521471FE8006519DE /* SearchRequest.swift */; };
		EA3C224421472253006519DE /* BaseViewController.swift in Sources */ = {isa = PBXBuildFile; fileRef = EA3C223A21472252006519DE /* BaseViewController.swift */; };
		EA3C224521472253006519DE /* BaseRequestOperation.swift in Sources */ = {isa = PBXBuildFile; fileRef = EA3C223C21472252006519DE /* BaseRequestOperation.swift */; };
		EA3C224721472253006519DE /* RouterAsembly.swift in Sources */ = {isa = PBXBuildFile; fileRef = EA3C223F21472252006519DE /* RouterAsembly.swift */; };
		EA3C224D21472B1A006519DE /* UIAlerController.swift in Sources */ = {isa = PBXBuildFile; fileRef = EA3C224C21472B1A006519DE /* UIAlerController.swift */; };
		EA3C22532148420D006519DE /* RepositoryTableViewCell.swift in Sources */ = {isa = PBXBuildFile; fileRef = EA3C22522148420D006519DE /* RepositoryTableViewCell.swift */; };
		EA3C22552148422C006519DE /* RepositoryCellViewModel.swift in Sources */ = {isa = PBXBuildFile; fileRef = EA3C22542148422C006519DE /* RepositoryCellViewModel.swift */; };
		EA3C22602148558F006519DE /* RepositoriesViewModel.swift in Sources */ = {isa = PBXBuildFile; fileRef = EA3C225F2148558F006519DE /* RepositoriesViewModel.swift */; };
		EA794C2B2261EDA1002E58B3 /* PeerlabPDUITests.swift in Sources */ = {isa = PBXBuildFile; fileRef = EA794C2A2261EDA1002E58B3 /* PeerlabPDUITests.swift */; };
		EA794C332261EDCB002E58B3 /* SnapshotHelper.swift in Sources */ = {isa = PBXBuildFile; fileRef = EA794C322261EDCB002E58B3 /* SnapshotHelper.swift */; };
		EA7B5F9021E9F6A5008A2809 /* SearchViperPresenter.swift in Sources */ = {isa = PBXBuildFile; fileRef = EA7B5F8F21E9F6A5008A2809 /* SearchViperPresenter.swift */; };
		EA7B5F9221E9F6FE008A2809 /* SearchViperInteractor.swift in Sources */ = {isa = PBXBuildFile; fileRef = EA7B5F9121E9F6FE008A2809 /* SearchViperInteractor.swift */; };
		EA7B5F9421E9F77C008A2809 /* SearchViperViewController.swift in Sources */ = {isa = PBXBuildFile; fileRef = EA7B5F9321E9F77C008A2809 /* SearchViperViewController.swift */; };
		EA7B5F9621E9F7F9008A2809 /* SearchViperAssembly.swift in Sources */ = {isa = PBXBuildFile; fileRef = EA7B5F9521E9F7F9008A2809 /* SearchViperAssembly.swift */; };
		EA7B5F9821E9F81B008A2809 /* SearchViperRouter.swift in Sources */ = {isa = PBXBuildFile; fileRef = EA7B5F9721E9F81B008A2809 /* SearchViperRouter.swift */; };
		EA9EB0EA2233C9B8002AE18C /* ReduxViewController.swift in Sources */ = {isa = PBXBuildFile; fileRef = EA9EB0E92233C9B8002AE18C /* ReduxViewController.swift */; };
		EA9EB0EF2233CB39002AE18C /* Command.swift in Sources */ = {isa = PBXBuildFile; fileRef = EA9EB0EE2233CB39002AE18C /* Command.swift */; };
		EA9EB0F32233D2CF002AE18C /* Store.swift in Sources */ = {isa = PBXBuildFile; fileRef = EA9EB0F22233D2CF002AE18C /* Store.swift */; };
		EA9EB0F52233D66E002AE18C /* ReduxVCPresenter.swift in Sources */ = {isa = PBXBuildFile; fileRef = EA9EB0F42233D66E002AE18C /* ReduxVCPresenter.swift */; };
		EA9EB0F82233DA57002AE18C /* RepositoriesLoadingController.swift in Sources */ = {isa = PBXBuildFile; fileRef = EA9EB0F72233DA57002AE18C /* RepositoriesLoadingController.swift */; };
		EAB2A1AF22614C7900FA8AAF /* ItemViperViewController.swift in Sources */ = {isa = PBXBuildFile; fileRef = EAB2A1AC22614B6500FA8AAF /* ItemViperViewController.swift */; };
		EAB2A1B022614C7C00FA8AAF /* ItemViperAssembly.swift in Sources */ = {isa = PBXBuildFile; fileRef = EAB2A1AB22614B6200FA8AAF /* ItemViperAssembly.swift */; };
		EAB2A1B122614C7F00FA8AAF /* ItemViperRouter.swift in Sources */ = {isa = PBXBuildFile; fileRef = EAB2A1AA22614B5700FA8AAF /* ItemViperRouter.swift */; };
		EAB2A1B322614C8500FA8AAF /* ItemViperInteractor.swift in Sources */ = {isa = PBXBuildFile; fileRef = EAB2A1AD22614B6A00FA8AAF /* ItemViperInteractor.swift */; };
		EAB2A1B422614D8700FA8AAF /* ItemViperPresenter.swift in Sources */ = {isa = PBXBuildFile; fileRef = EAB2A1AE22614B6D00FA8AAF /* ItemViperPresenter.swift */; };
/* End PBXBuildFile section */

/* Begin PBXContainerItemProxy section */
		EA2B0EDE2233C52F0087295A /* PBXContainerItemProxy */ = {
			isa = PBXContainerItemProxy;
			containerPortal = EA3C21EF21470F31006519DE /* Project object */;
			proxyType = 1;
			remoteGlobalIDString = EA3C21F621470F31006519DE;
			remoteInfo = IvanKramCodeIT;
		};
		EA794C2D2261EDA1002E58B3 /* PBXContainerItemProxy */ = {
			isa = PBXContainerItemProxy;
			containerPortal = EA3C21EF21470F31006519DE /* Project object */;
			proxyType = 1;
			remoteGlobalIDString = EA3C21F621470F31006519DE;
			remoteInfo = PeerlabPD;
		};
/* End PBXContainerItemProxy section */

/* Begin PBXFileReference section */
		3C978D3BDEECD29F13B1ADC6 /* Pods-PeerlabPD.debug.xcconfig */ = {isa = PBXFileReference; includeInIndex = 1; lastKnownFileType = text.xcconfig; name = "Pods-PeerlabPD.debug.xcconfig"; path = "Pods/Target Support Files/Pods-PeerlabPD/Pods-PeerlabPD.debug.xcconfig"; sourceTree = "<group>"; };
		EA2B0EC52233BF3F0087295A /* State.swift */ = {isa = PBXFileReference; lastKnownFileType = sourcecode.swift; path = State.swift; sourceTree = "<group>"; };
		EA2B0EC72233BF9A0087295A /* StateRepository.swift */ = {isa = PBXFileReference; lastKnownFileType = sourcecode.swift; path = StateRepository.swift; sourceTree = "<group>"; };
		EA2B0EC92233BFA80087295A /* StateLoading.swift */ = {isa = PBXFileReference; lastKnownFileType = sourcecode.swift; path = StateLoading.swift; sourceTree = "<group>"; };
		EA2B0ECC2233C0F90087295A /* Action.swift */ = {isa = PBXFileReference; lastKnownFileType = sourcecode.swift; path = Action.swift; sourceTree = "<group>"; };
		EA2B0ECE2233C12C0087295A /* RepositoriesDidLoad.swift */ = {isa = PBXFileReference; lastKnownFileType = sourcecode.swift; path = RepositoriesDidLoad.swift; sourceTree = "<group>"; };
		EA2B0ED02233C1810087295A /* RepositoriesFailLoading.swift */ = {isa = PBXFileReference; lastKnownFileType = sourcecode.swift; path = RepositoriesFailLoading.swift; sourceTree = "<group>"; };
		EA2B0ED22233C1C30087295A /* RepositoriesStartLoading.swift */ = {isa = PBXFileReference; lastKnownFileType = sourcecode.swift; path = RepositoriesStartLoading.swift; sourceTree = "<group>"; };
		EA2B0ED92233C52F0087295A /* PeerlabPDTests.xctest */ = {isa = PBXFileReference; explicitFileType = wrapper.cfbundle; includeInIndex = 0; path = PeerlabPDTests.xctest; sourceTree = BUILT_PRODUCTS_DIR; };
		EA2B0EDB2233C52F0087295A /* PeerlabDPTests.swift */ = {isa = PBXFileReference; lastKnownFileType = sourcecode.swift; path = PeerlabDPTests.swift; sourceTree = "<group>"; };
		EA2B0EDD2233C52F0087295A /* Info.plist */ = {isa = PBXFileReference; lastKnownFileType = text.plist.xml; path = Info.plist; sourceTree = "<group>"; };
		EA2B0EE32233C5640087295A /* RepositoriesLoadingTestCase.swift */ = {isa = PBXFileReference; lastKnownFileType = sourcecode.swift; path = RepositoriesLoadingTestCase.swift; sourceTree = "<group>"; };
		EA3C21F721470F31006519DE /* PeerlabPD.app */ = {isa = PBXFileReference; explicitFileType = wrapper.application; includeInIndex = 0; path = PeerlabPD.app; sourceTree = BUILT_PRODUCTS_DIR; };
		EA3C21FA21470F31006519DE /* AppDelegate.swift */ = {isa = PBXFileReference; lastKnownFileType = sourcecode.swift; path = AppDelegate.swift; sourceTree = "<group>"; };
		EA3C21FC21470F31006519DE /* ViewController.swift */ = {isa = PBXFileReference; lastKnownFileType = sourcecode.swift; path = ViewController.swift; sourceTree = "<group>"; };
		EA3C21FF21470F31006519DE /* Base */ = {isa = PBXFileReference; lastKnownFileType = file.storyboard; name = Base; path = Base.lproj/Main.storyboard; sourceTree = "<group>"; };
		EA3C220121470F33006519DE /* Assets.xcassets */ = {isa = PBXFileReference; lastKnownFileType = folder.assetcatalog; path = Assets.xcassets; sourceTree = "<group>"; };
		EA3C220421470F33006519DE /* Base */ = {isa = PBXFileReference; lastKnownFileType = file.storyboard; name = Base; path = Base.lproj/LaunchScreen.storyboard; sourceTree = "<group>"; };
		EA3C220621470F33006519DE /* Info.plist */ = {isa = PBXFileReference; lastKnownFileType = text.plist.xml; path = Info.plist; sourceTree = "<group>"; };
		EA3C22202147162D006519DE /* Repository.swift */ = {isa = PBXFileReference; lastKnownFileType = sourcecode.swift; path = Repository.swift; sourceTree = "<group>"; };
		EA3C222221471774006519DE /* User.swift */ = {isa = PBXFileReference; lastKnownFileType = sourcecode.swift; path = User.swift; sourceTree = "<group>"; };
		EA3C2224214719F9006519DE /* Environment.swift */ = {isa = PBXFileReference; fileEncoding = 4; lastKnownFileType = sourcecode.swift; path = Environment.swift; sourceTree = "<group>"; };
		EA3C222621471A4F006519DE /* ErrorHandler.swift */ = {isa = PBXFileReference; fileEncoding = 4; lastKnownFileType = sourcecode.swift; path = ErrorHandler.swift; sourceTree = "<group>"; };
		EA3C222B21471D10006519DE /* Request.swift */ = {isa = PBXFileReference; fileEncoding = 4; lastKnownFileType = sourcecode.swift; path = Request.swift; sourceTree = "<group>"; };
		EA3C222D21471D1B006519DE /* NetworkDispatcher.swift */ = {isa = PBXFileReference; fileEncoding = 4; lastKnownFileType = sourcecode.swift; path = NetworkDispatcher.swift; sourceTree = "<group>"; };
		EA3C223321471FD8006519DE /* SearchService.swift */ = {isa = PBXFileReference; lastKnownFileType = sourcecode.swift; path = SearchService.swift; sourceTree = "<group>"; };
		EA3C223521471FE8006519DE /* SearchRequest.swift */ = {isa = PBXFileReference; lastKnownFileType = sourcecode.swift; path = SearchRequest.swift; sourceTree = "<group>"; };
		EA3C223A21472252006519DE /* BaseViewController.swift */ = {isa = PBXFileReference; fileEncoding = 4; lastKnownFileType = sourcecode.swift; path = BaseViewController.swift; sourceTree = "<group>"; };
		EA3C223C21472252006519DE /* BaseRequestOperation.swift */ = {isa = PBXFileReference; fileEncoding = 4; lastKnownFileType = sourcecode.swift; path = BaseRequestOperation.swift; sourceTree = "<group>"; };
		EA3C223F21472252006519DE /* RouterAsembly.swift */ = {isa = PBXFileReference; fileEncoding = 4; lastKnownFileType = sourcecode.swift; path = RouterAsembly.swift; sourceTree = "<group>"; };
		EA3C224C21472B1A006519DE /* UIAlerController.swift */ = {isa = PBXFileReference; fileEncoding = 4; lastKnownFileType = sourcecode.swift; path = UIAlerController.swift; sourceTree = "<group>"; };
		EA3C22522148420D006519DE /* RepositoryTableViewCell.swift */ = {isa = PBXFileReference; lastKnownFileType = sourcecode.swift; path = RepositoryTableViewCell.swift; sourceTree = "<group>"; };
		EA3C22542148422C006519DE /* RepositoryCellViewModel.swift */ = {isa = PBXFileReference; lastKnownFileType = sourcecode.swift; path = RepositoryCellViewModel.swift; sourceTree = "<group>"; };
		EA3C225F2148558F006519DE /* RepositoriesViewModel.swift */ = {isa = PBXFileReference; lastKnownFileType = sourcecode.swift; path = RepositoriesViewModel.swift; sourceTree = "<group>"; };
		EA794C282261EDA1002E58B3 /* PeerlabPDUITests.xctest */ = {isa = PBXFileReference; explicitFileType = wrapper.cfbundle; includeInIndex = 0; path = PeerlabPDUITests.xctest; sourceTree = BUILT_PRODUCTS_DIR; };
		EA794C2A2261EDA1002E58B3 /* PeerlabPDUITests.swift */ = {isa = PBXFileReference; lastKnownFileType = sourcecode.swift; path = PeerlabPDUITests.swift; sourceTree = "<group>"; };
		EA794C2C2261EDA1002E58B3 /* Info.plist */ = {isa = PBXFileReference; lastKnownFileType = text.plist.xml; path = Info.plist; sourceTree = "<group>"; };
		EA794C322261EDCB002E58B3 /* SnapshotHelper.swift */ = {isa = PBXFileReference; fileEncoding = 4; lastKnownFileType = sourcecode.swift; name = SnapshotHelper.swift; path = fastlane/SnapshotHelper.swift; sourceTree = SOURCE_ROOT; };
		EA7B5F8F21E9F6A5008A2809 /* SearchViperPresenter.swift */ = {isa = PBXFileReference; lastKnownFileType = sourcecode.swift; path = SearchViperPresenter.swift; sourceTree = "<group>"; };
		EA7B5F9121E9F6FE008A2809 /* SearchViperInteractor.swift */ = {isa = PBXFileReference; lastKnownFileType = sourcecode.swift; path = SearchViperInteractor.swift; sourceTree = "<group>"; };
		EA7B5F9321E9F77C008A2809 /* SearchViperViewController.swift */ = {isa = PBXFileReference; lastKnownFileType = sourcecode.swift; path = SearchViperViewController.swift; sourceTree = "<group>"; };
		EA7B5F9521E9F7F9008A2809 /* SearchViperAssembly.swift */ = {isa = PBXFileReference; lastKnownFileType = sourcecode.swift; path = SearchViperAssembly.swift; sourceTree = "<group>"; };
		EA7B5F9721E9F81B008A2809 /* SearchViperRouter.swift */ = {isa = PBXFileReference; lastKnownFileType = sourcecode.swift; path = SearchViperRouter.swift; sourceTree = "<group>"; };
		EA9EB0E92233C9B8002AE18C /* ReduxViewController.swift */ = {isa = PBXFileReference; lastKnownFileType = sourcecode.swift; path = ReduxViewController.swift; sourceTree = "<group>"; };
		EA9EB0EE2233CB39002AE18C /* Command.swift */ = {isa = PBXFileReference; lastKnownFileType = sourcecode.swift; path = Command.swift; sourceTree = "<group>"; };
		EA9EB0F22233D2CF002AE18C /* Store.swift */ = {isa = PBXFileReference; lastKnownFileType = sourcecode.swift; path = Store.swift; sourceTree = "<group>"; };
		EA9EB0F42233D66E002AE18C /* ReduxVCPresenter.swift */ = {isa = PBXFileReference; lastKnownFileType = sourcecode.swift; path = ReduxVCPresenter.swift; sourceTree = "<group>"; };
		EA9EB0F72233DA57002AE18C /* RepositoriesLoadingController.swift */ = {isa = PBXFileReference; lastKnownFileType = sourcecode.swift; path = RepositoriesLoadingController.swift; sourceTree = "<group>"; };
		EAB2A1AA22614B5700FA8AAF /* ItemViperRouter.swift */ = {isa = PBXFileReference; lastKnownFileType = sourcecode.swift; path = ItemViperRouter.swift; sourceTree = "<group>"; };
		EAB2A1AB22614B6200FA8AAF /* ItemViperAssembly.swift */ = {isa = PBXFileReference; lastKnownFileType = sourcecode.swift; path = ItemViperAssembly.swift; sourceTree = "<group>"; };
		EAB2A1AC22614B6500FA8AAF /* ItemViperViewController.swift */ = {isa = PBXFileReference; lastKnownFileType = sourcecode.swift; path = ItemViperViewController.swift; sourceTree = "<group>"; };
		EAB2A1AD22614B6A00FA8AAF /* ItemViperInteractor.swift */ = {isa = PBXFileReference; lastKnownFileType = sourcecode.swift; path = ItemViperInteractor.swift; sourceTree = "<group>"; };
		EAB2A1AE22614B6D00FA8AAF /* ItemViperPresenter.swift */ = {isa = PBXFileReference; lastKnownFileType = sourcecode.swift; path = ItemViperPresenter.swift; sourceTree = "<group>"; };
		F08698A4224B7B5E2B233FCB /* Pods-PeerlabPD.release.xcconfig */ = {isa = PBXFileReference; includeInIndex = 1; lastKnownFileType = text.xcconfig; name = "Pods-PeerlabPD.release.xcconfig"; path = "Pods/Target Support Files/Pods-PeerlabPD/Pods-PeerlabPD.release.xcconfig"; sourceTree = "<group>"; };
		F9AD2DBE372E69104DFF22BE /* Pods_PeerlabPD.framework */ = {isa = PBXFileReference; explicitFileType = wrapper.framework; includeInIndex = 0; path = Pods_PeerlabPD.framework; sourceTree = BUILT_PRODUCTS_DIR; };
/* End PBXFileReference section */

/* Begin PBXFrameworksBuildPhase section */
		EA2B0ED62233C52F0087295A /* Frameworks */ = {
			isa = PBXFrameworksBuildPhase;
			buildActionMask = 2147483647;
			files = (
			);
			runOnlyForDeploymentPostprocessing = 0;
		};
		EA3C21F421470F31006519DE /* Frameworks */ = {
			isa = PBXFrameworksBuildPhase;
			buildActionMask = 2147483647;
			files = (
				C06DCF36FEE5AADDA211069A /* Pods_PeerlabPD.framework in Frameworks */,
			);
			runOnlyForDeploymentPostprocessing = 0;
		};
		EA794C252261EDA1002E58B3 /* Frameworks */ = {
			isa = PBXFrameworksBuildPhase;
			buildActionMask = 2147483647;
			files = (
			);
			runOnlyForDeploymentPostprocessing = 0;
		};
/* End PBXFrameworksBuildPhase section */

/* Begin PBXGroup section */
		EA2B0EC42233BEF50087295A /* State */ = {
			isa = PBXGroup;
			children = (
				EA2B0EC52233BF3F0087295A /* State.swift */,
				EA2B0EC72233BF9A0087295A /* StateRepository.swift */,
				EA2B0EC92233BFA80087295A /* StateLoading.swift */,
			);
			path = State;
			sourceTree = "<group>";
		};
		EA2B0ECB2233C0ED0087295A /* Actions */ = {
			isa = PBXGroup;
			children = (
				EA2B0ECC2233C0F90087295A /* Action.swift */,
				EA2B0ED42233C21F0087295A /* Repositories */,
			);
			path = Actions;
			sourceTree = "<group>";
		};
		EA2B0ED42233C21F0087295A /* Repositories */ = {
			isa = PBXGroup;
			children = (
				EA2B0ECE2233C12C0087295A /* RepositoriesDidLoad.swift */,
				EA2B0ED02233C1810087295A /* RepositoriesFailLoading.swift */,
				EA2B0ED22233C1C30087295A /* RepositoriesStartLoading.swift */,
			);
			path = Repositories;
			sourceTree = "<group>";
		};
		EA2B0EDA2233C52F0087295A /* PeerlabPDTests */ = {
			isa = PBXGroup;
			children = (
				EA2B0EDB2233C52F0087295A /* PeerlabDPTests.swift */,
				EA2B0EDD2233C52F0087295A /* Info.plist */,
				EA2B0EE32233C5640087295A /* RepositoriesLoadingTestCase.swift */,
			);
			path = PeerlabPDTests;
			sourceTree = "<group>";
		};
		EA3C21EE21470F31006519DE = {
			isa = PBXGroup;
			children = (
				EA3C21F921470F31006519DE /* PeerlabPD */,
				EA2B0EDA2233C52F0087295A /* PeerlabPDTests */,
				EA794C292261EDA1002E58B3 /* PeerlabPDUITests */,
				EA3C21F821470F31006519DE /* Products */,
				F5E3D4849E6D14EB6378A737 /* Pods */,
				F284A168E4E08ECC3A5E53C6 /* Frameworks */,
			);
			sourceTree = "<group>";
		};
		EA3C21F821470F31006519DE /* Products */ = {
			isa = PBXGroup;
			children = (
				EA3C21F721470F31006519DE /* PeerlabPD.app */,
				EA2B0ED92233C52F0087295A /* PeerlabPDTests.xctest */,
				EA794C282261EDA1002E58B3 /* PeerlabPDUITests.xctest */,
			);
			name = Products;
			sourceTree = "<group>";
		};
		EA3C21F921470F31006519DE /* PeerlabPD */ = {
			isa = PBXGroup;
			children = (
				EA9EB0F02233CB4F002AE18C /* Redux */,
				EA3C221E21471605006519DE /* AppFiles */,
				EA3C22372147223D006519DE /* BaseClasses */,
				EA3C221A214715CB006519DE /* Models */,
				EA3C221C214715D9006519DE /* Network */,
				EA3C221D214715EA006519DE /* Resources */,
				EA3C221B214715D2006519DE /* Screens */,
				EA3C222F21471F7E006519DE /* Services */,
			);
			path = PeerlabPD;
			sourceTree = "<group>";
		};
		EA3C221A214715CB006519DE /* Models */ = {
			isa = PBXGroup;
			children = (
				EA3C222A21471C45006519DE /* User */,
				EA3C221F21471621006519DE /* Repository */,
			);
			path = Models;
			sourceTree = "<group>";
		};
		EA3C221B214715D2006519DE /* Screens */ = {
			isa = PBXGroup;
			children = (
				EA9EB0E82233C98D002AE18C /* ReduxModule */,
				EAB2A1A322614B2800FA8AAF /* Viper */,
				EA3C224E21484180006519DE /* Search */,
			);
			path = Screens;
			sourceTree = "<group>";
		};
		EA3C221C214715D9006519DE /* Network */ = {
			isa = PBXGroup;
			children = (
				EA3C2224214719F9006519DE /* Environment.swift */,
				EA3C222621471A4F006519DE /* ErrorHandler.swift */,
				EA3C222B21471D10006519DE /* Request.swift */,
				EA3C222D21471D1B006519DE /* NetworkDispatcher.swift */,
			);
			path = Network;
			sourceTree = "<group>";
		};
		EA3C221D214715EA006519DE /* Resources */ = {
			isa = PBXGroup;
			children = (
				EA3C220121470F33006519DE /* Assets.xcassets */,
				EA3C220321470F33006519DE /* LaunchScreen.storyboard */,
				EA3C21FE21470F31006519DE /* Main.storyboard */,
			);
			path = Resources;
			sourceTree = "<group>";
		};
		EA3C221E21471605006519DE /* AppFiles */ = {
			isa = PBXGroup;
			children = (
				EA3C220621470F33006519DE /* Info.plist */,
				EA3C21FA21470F31006519DE /* AppDelegate.swift */,
			);
			path = AppFiles;
			sourceTree = "<group>";
		};
		EA3C221F21471621006519DE /* Repository */ = {
			isa = PBXGroup;
			children = (
				EA3C22202147162D006519DE /* Repository.swift */,
			);
			path = Repository;
			sourceTree = "<group>";
		};
		EA3C222A21471C45006519DE /* User */ = {
			isa = PBXGroup;
			children = (
				EA3C222221471774006519DE /* User.swift */,
			);
			path = User;
			sourceTree = "<group>";
		};
		EA3C222F21471F7E006519DE /* Services */ = {
			isa = PBXGroup;
			children = (
				EA3C223021471F86006519DE /* Search */,
			);
			path = Services;
			sourceTree = "<group>";
		};
		EA3C223021471F86006519DE /* Search */ = {
			isa = PBXGroup;
			children = (
				EA3C223121471F8F006519DE /* Requests */,
				EA3C223321471FD8006519DE /* SearchService.swift */,
			);
			path = Search;
			sourceTree = "<group>";
		};
		EA3C223121471F8F006519DE /* Requests */ = {
			isa = PBXGroup;
			children = (
				EA3C223221471F96006519DE /* Swift */,
			);
			path = Requests;
			sourceTree = "<group>";
		};
		EA3C223221471F96006519DE /* Swift */ = {
			isa = PBXGroup;
			children = (
				EA3C223521471FE8006519DE /* SearchRequest.swift */,
			);
			path = Swift;
			sourceTree = "<group>";
		};
		EA3C22372147223D006519DE /* BaseClasses */ = {
			isa = PBXGroup;
			children = (
				EA3C224B21472B0B006519DE /* Extensions */,
				EA3C223B21472252006519DE /* BaseNetworkRequest */,
				EA3C223D21472252006519DE /* BaseRouting */,
				EA3C223821472252006519DE /* BaseViewController */,
			);
			path = BaseClasses;
			sourceTree = "<group>";
		};
		EA3C223821472252006519DE /* BaseViewController */ = {
			isa = PBXGroup;
			children = (
				EA3C223A21472252006519DE /* BaseViewController.swift */,
			);
			path = BaseViewController;
			sourceTree = "<group>";
		};
		EA3C223B21472252006519DE /* BaseNetworkRequest */ = {
			isa = PBXGroup;
			children = (
				EA3C223C21472252006519DE /* BaseRequestOperation.swift */,
			);
			path = BaseNetworkRequest;
			sourceTree = "<group>";
		};
		EA3C223D21472252006519DE /* BaseRouting */ = {
			isa = PBXGroup;
			children = (
				EA3C223F21472252006519DE /* RouterAsembly.swift */,
			);
			path = BaseRouting;
			sourceTree = "<group>";
		};
		EA3C224B21472B0B006519DE /* Extensions */ = {
			isa = PBXGroup;
			children = (
				EA3C224C21472B1A006519DE /* UIAlerController.swift */,
			);
			path = Extensions;
			sourceTree = "<group>";
		};
		EA3C224E21484180006519DE /* Search */ = {
			isa = PBXGroup;
			children = (
				EA3C225021484194006519DE /* ViewModel */,
				EA3C224F21484190006519DE /* Cells */,
				EA3C21FC21470F31006519DE /* ViewController.swift */,
			);
			path = Search;
			sourceTree = "<group>";
		};
		EA3C224F21484190006519DE /* Cells */ = {
			isa = PBXGroup;
			children = (
				EA3C2251214841DD006519DE /* Repository */,
			);
			path = Cells;
			sourceTree = "<group>";
		};
		EA3C225021484194006519DE /* ViewModel */ = {
			isa = PBXGroup;
			children = (
				EA3C225F2148558F006519DE /* RepositoriesViewModel.swift */,
			);
			path = ViewModel;
			sourceTree = "<group>";
		};
		EA3C2251214841DD006519DE /* Repository */ = {
			isa = PBXGroup;
			children = (
				EA3C22522148420D006519DE /* RepositoryTableViewCell.swift */,
				EA3C22542148422C006519DE /* RepositoryCellViewModel.swift */,
			);
			path = Repository;
			sourceTree = "<group>";
		};
		EA794C292261EDA1002E58B3 /* PeerlabPDUITests */ = {
			isa = PBXGroup;
			children = (
				EA794C322261EDCB002E58B3 /* SnapshotHelper.swift */,
				EA794C2A2261EDA1002E58B3 /* PeerlabPDUITests.swift */,
				EA794C2C2261EDA1002E58B3 /* Info.plist */,
			);
			path = PeerlabPDUITests;
			sourceTree = "<group>";
		};
		EA7B5F8921E9F608008A2809 /* SearchViper */ = {
			isa = PBXGroup;
			children = (
				EA7B5F8E21E9F683008A2809 /* Router */,
				EA7B5F8D21E9F67D008A2809 /* Assembly */,
				EA7B5F8C21E9F678008A2809 /* View */,
				EA7B5F8B21E9F66F008A2809 /* Interactor */,
				EA7B5F8A21E9F666008A2809 /* Presenter */,
			);
			path = SearchViper;
			sourceTree = "<group>";
		};
		EA7B5F8A21E9F666008A2809 /* Presenter */ = {
			isa = PBXGroup;
			children = (
				EA7B5F8F21E9F6A5008A2809 /* SearchViperPresenter.swift */,
			);
			path = Presenter;
			sourceTree = "<group>";
		};
		EA7B5F8B21E9F66F008A2809 /* Interactor */ = {
			isa = PBXGroup;
			children = (
				EA7B5F9121E9F6FE008A2809 /* SearchViperInteractor.swift */,
			);
			path = Interactor;
			sourceTree = "<group>";
		};
		EA7B5F8C21E9F678008A2809 /* View */ = {
			isa = PBXGroup;
			children = (
				EA7B5F9321E9F77C008A2809 /* SearchViperViewController.swift */,
			);
			path = View;
			sourceTree = "<group>";
		};
		EA7B5F8D21E9F67D008A2809 /* Assembly */ = {
			isa = PBXGroup;
			children = (
				EA7B5F9521E9F7F9008A2809 /* SearchViperAssembly.swift */,
			);
			path = Assembly;
			sourceTree = "<group>";
		};
		EA7B5F8E21E9F683008A2809 /* Router */ = {
			isa = PBXGroup;
			children = (
				EA7B5F9721E9F81B008A2809 /* SearchViperRouter.swift */,
			);
			path = Router;
			sourceTree = "<group>";
		};
		EA9EB0E82233C98D002AE18C /* ReduxModule */ = {
			isa = PBXGroup;
			children = (
				EA9EB0E92233C9B8002AE18C /* ReduxViewController.swift */,
				EA9EB0F42233D66E002AE18C /* ReduxVCPresenter.swift */,
			);
			path = ReduxModule;
			sourceTree = "<group>";
		};
		EA9EB0F02233CB4F002AE18C /* Redux */ = {
			isa = PBXGroup;
			children = (
				EA9EB0F62233DA4A002AE18C /* Controllers */,
				EA9EB0EE2233CB39002AE18C /* Command.swift */,
				EA2B0ECB2233C0ED0087295A /* Actions */,
				EA2B0EC42233BEF50087295A /* State */,
				EA9EB0F12233D2BE002AE18C /* Store */,
			);
			path = Redux;
			sourceTree = "<group>";
		};
		EA9EB0F12233D2BE002AE18C /* Store */ = {
			isa = PBXGroup;
			children = (
				EA9EB0F22233D2CF002AE18C /* Store.swift */,
			);
			path = Store;
			sourceTree = "<group>";
		};
		EA9EB0F62233DA4A002AE18C /* Controllers */ = {
			isa = PBXGroup;
			children = (
				EA9EB0F72233DA57002AE18C /* RepositoriesLoadingController.swift */,
			);
			path = Controllers;
			sourceTree = "<group>";
		};
		EAB2A1A322614B2800FA8AAF /* Viper */ = {
			isa = PBXGroup;
			children = (
				EAB2A1A422614B3600FA8AAF /* ItemViper */,
				EA7B5F8921E9F608008A2809 /* SearchViper */,
			);
			path = Viper;
			sourceTree = "<group>";
		};
		EAB2A1A422614B3600FA8AAF /* ItemViper */ = {
			isa = PBXGroup;
			children = (
				EAB2A1A922614B4C00FA8AAF /* Router */,
				EAB2A1A722614B4C00FA8AAF /* Assembly */,
				EAB2A1A522614B4C00FA8AAF /* View */,
				EAB2A1A622614B4C00FA8AAF /* Interactor */,
				EAB2A1A822614B4C00FA8AAF /* Presenter */,
			);
			path = ItemViper;
			sourceTree = "<group>";
		};
		EAB2A1A522614B4C00FA8AAF /* View */ = {
			isa = PBXGroup;
			children = (
				EAB2A1AC22614B6500FA8AAF /* ItemViperViewController.swift */,
			);
			path = View;
			sourceTree = "<group>";
		};
		EAB2A1A622614B4C00FA8AAF /* Interactor */ = {
			isa = PBXGroup;
			children = (
				EAB2A1AD22614B6A00FA8AAF /* ItemViperInteractor.swift */,
			);
			path = Interactor;
			sourceTree = "<group>";
		};
		EAB2A1A722614B4C00FA8AAF /* Assembly */ = {
			isa = PBXGroup;
			children = (
				EAB2A1AB22614B6200FA8AAF /* ItemViperAssembly.swift */,
			);
			path = Assembly;
			sourceTree = "<group>";
		};
		EAB2A1A822614B4C00FA8AAF /* Presenter */ = {
			isa = PBXGroup;
			children = (
				EAB2A1AE22614B6D00FA8AAF /* ItemViperPresenter.swift */,
			);
			path = Presenter;
			sourceTree = "<group>";
		};
		EAB2A1A922614B4C00FA8AAF /* Router */ = {
			isa = PBXGroup;
			children = (
				EAB2A1AA22614B5700FA8AAF /* ItemViperRouter.swift */,
			);
			path = Router;
			sourceTree = "<group>";
		};
		F284A168E4E08ECC3A5E53C6 /* Frameworks */ = {
			isa = PBXGroup;
			children = (
				F9AD2DBE372E69104DFF22BE /* Pods_PeerlabPD.framework */,
			);
			name = Frameworks;
			sourceTree = "<group>";
		};
		F5E3D4849E6D14EB6378A737 /* Pods */ = {
			isa = PBXGroup;
			children = (
				3C978D3BDEECD29F13B1ADC6 /* Pods-PeerlabPD.debug.xcconfig */,
				F08698A4224B7B5E2B233FCB /* Pods-PeerlabPD.release.xcconfig */,
			);
			name = Pods;
			sourceTree = "<group>";
		};
/* End PBXGroup section */

/* Begin PBXNativeTarget section */
		EA2B0ED82233C52F0087295A /* PeerlabPDTests */ = {
			isa = PBXNativeTarget;
			buildConfigurationList = EA2B0EE02233C52F0087295A /* Build configuration list for PBXNativeTarget "PeerlabPDTests" */;
			buildPhases = (
				EA2B0ED52233C52F0087295A /* Sources */,
				EA2B0ED62233C52F0087295A /* Frameworks */,
				EA2B0ED72233C52F0087295A /* Resources */,
			);
			buildRules = (
			);
			dependencies = (
				EA2B0EDF2233C52F0087295A /* PBXTargetDependency */,
			);
			name = PeerlabPDTests;
			productName = IvanKramCodeITTests;
			productReference = EA2B0ED92233C52F0087295A /* PeerlabPDTests.xctest */;
			productType = "com.apple.product-type.bundle.unit-test";
		};
		EA3C21F621470F31006519DE /* PeerlabPD */ = {
			isa = PBXNativeTarget;
			buildConfigurationList = EA3C221421470F33006519DE /* Build configuration list for PBXNativeTarget "PeerlabPD" */;
			buildPhases = (
				546E3BC94BCCAFE9C4E5849D /* [CP] Check Pods Manifest.lock */,
				EA3C21F321470F31006519DE /* Sources */,
				EA3C21F421470F31006519DE /* Frameworks */,
				EA3C21F521470F31006519DE /* Resources */,
				8B82458FDACBC98333FA1D43 /* [CP] Embed Pods Frameworks */,
			);
			buildRules = (
			);
			dependencies = (
			);
			name = PeerlabPD;
			productName = IvanKramCodeIT;
			productReference = EA3C21F721470F31006519DE /* PeerlabPD.app */;
			productType = "com.apple.product-type.application";
		};
		EA794C272261EDA1002E58B3 /* PeerlabPDUITests */ = {
			isa = PBXNativeTarget;
			buildConfigurationList = EA794C312261EDA1002E58B3 /* Build configuration list for PBXNativeTarget "PeerlabPDUITests" */;
			buildPhases = (
				EA794C242261EDA1002E58B3 /* Sources */,
				EA794C252261EDA1002E58B3 /* Frameworks */,
				EA794C262261EDA1002E58B3 /* Resources */,
			);
			buildRules = (
			);
			dependencies = (
				EA794C2E2261EDA1002E58B3 /* PBXTargetDependency */,
			);
			name = PeerlabPDUITests;
			productName = PeerlabPDUITests;
			productReference = EA794C282261EDA1002E58B3 /* PeerlabPDUITests.xctest */;
			productType = "com.apple.product-type.bundle.ui-testing";
		};
/* End PBXNativeTarget section */

/* Begin PBXProject section */
		EA3C21EF21470F31006519DE /* Project object */ = {
			isa = PBXProject;
			attributes = {
				DefaultBuildSystemTypeForWorkspace = Original;
				LastSwiftUpdateCheck = 1010;
				LastUpgradeCheck = 0940;
				ORGANIZATIONNAME = IvanKram;
				TargetAttributes = {
					EA2B0ED82233C52F0087295A = {
						CreatedOnToolsVersion = 10.1;
						TestTargetID = EA3C21F621470F31006519DE;
					};
					EA3C21F621470F31006519DE = {
						CreatedOnToolsVersion = 9.4.1;
					};
					EA794C272261EDA1002E58B3 = {
						CreatedOnToolsVersion = 10.1;
						TestTargetID = EA3C21F621470F31006519DE;
					};
				};
			};
			buildConfigurationList = EA3C21F221470F31006519DE /* Build configuration list for PBXProject "PeerlabPD" */;
			compatibilityVersion = "Xcode 9.3";
			developmentRegion = en;
			hasScannedForEncodings = 0;
			knownRegions = (
				en,
				Base,
			);
			mainGroup = EA3C21EE21470F31006519DE;
			productRefGroup = EA3C21F821470F31006519DE /* Products */;
			projectDirPath = "";
			projectRoot = "";
			targets = (
				EA3C21F621470F31006519DE /* PeerlabPD */,
				EA2B0ED82233C52F0087295A /* PeerlabPDTests */,
				EA794C272261EDA1002E58B3 /* PeerlabPDUITests */,
			);
		};
/* End PBXProject section */

/* Begin PBXResourcesBuildPhase section */
		EA2B0ED72233C52F0087295A /* Resources */ = {
			isa = PBXResourcesBuildPhase;
			buildActionMask = 2147483647;
			files = (
			);
			runOnlyForDeploymentPostprocessing = 0;
		};
		EA3C21F521470F31006519DE /* Resources */ = {
			isa = PBXResourcesBuildPhase;
			buildActionMask = 2147483647;
			files = (
				EA3C220521470F33006519DE /* LaunchScreen.storyboard in Resources */,
				EA3C220221470F33006519DE /* Assets.xcassets in Resources */,
				EA3C220021470F31006519DE /* Main.storyboard in Resources */,
			);
			runOnlyForDeploymentPostprocessing = 0;
		};
		EA794C262261EDA1002E58B3 /* Resources */ = {
			isa = PBXResourcesBuildPhase;
			buildActionMask = 2147483647;
			files = (
			);
			runOnlyForDeploymentPostprocessing = 0;
		};
/* End PBXResourcesBuildPhase section */

/* Begin PBXShellScriptBuildPhase section */
		546E3BC94BCCAFE9C4E5849D /* [CP] Check Pods Manifest.lock */ = {
			isa = PBXShellScriptBuildPhase;
			buildActionMask = 2147483647;
			files = (
			);
			inputPaths = (
				"${PODS_PODFILE_DIR_PATH}/Podfile.lock",
				"${PODS_ROOT}/Manifest.lock",
			);
			name = "[CP] Check Pods Manifest.lock";
			outputPaths = (
				"$(DERIVED_FILE_DIR)/Pods-PeerlabPD-checkManifestLockResult.txt",
			);
			runOnlyForDeploymentPostprocessing = 0;
			shellPath = /bin/sh;
			shellScript = "diff \"${PODS_PODFILE_DIR_PATH}/Podfile.lock\" \"${PODS_ROOT}/Manifest.lock\" > /dev/null\nif [ $? != 0 ] ; then\n    # print error to STDERR\n    echo \"error: The sandbox is not in sync with the Podfile.lock. Run 'pod install' or update your CocoaPods installation.\" >&2\n    exit 1\nfi\n# This output is used by Xcode 'outputs' to avoid re-running this script phase.\necho \"SUCCESS\" > \"${SCRIPT_OUTPUT_FILE_0}\"\n";
			showEnvVarsInLog = 0;
		};
		8B82458FDACBC98333FA1D43 /* [CP] Embed Pods Frameworks */ = {
			isa = PBXShellScriptBuildPhase;
			buildActionMask = 2147483647;
			files = (
			);
			inputPaths = (
				"${SRCROOT}/Pods/Target Support Files/Pods-PeerlabPD/Pods-PeerlabPD-frameworks.sh",
				"${BUILT_PRODUCTS_DIR}/Alamofire/Alamofire.framework",
				"${BUILT_PRODUCTS_DIR}/RxSwift/RxSwift.framework",
				"${BUILT_PRODUCTS_DIR}/SDWebImage/SDWebImage.framework",
			);
			name = "[CP] Embed Pods Frameworks";
			outputPaths = (
				"${TARGET_BUILD_DIR}/${FRAMEWORKS_FOLDER_PATH}/Alamofire.framework",
				"${TARGET_BUILD_DIR}/${FRAMEWORKS_FOLDER_PATH}/RxSwift.framework",
				"${TARGET_BUILD_DIR}/${FRAMEWORKS_FOLDER_PATH}/SDWebImage.framework",
			);
			runOnlyForDeploymentPostprocessing = 0;
			shellPath = /bin/sh;
			shellScript = "\"${SRCROOT}/Pods/Target Support Files/Pods-PeerlabPD/Pods-PeerlabPD-frameworks.sh\"\n";
			showEnvVarsInLog = 0;
		};
/* End PBXShellScriptBuildPhase section */

/* Begin PBXSourcesBuildPhase section */
		EA2B0ED52233C52F0087295A /* Sources */ = {
			isa = PBXSourcesBuildPhase;
			buildActionMask = 2147483647;
			files = (
				EA2B0EE42233C5640087295A /* RepositoriesLoadingTestCase.swift in Sources */,
				EA2B0EDC2233C52F0087295A /* PeerlabDPTests.swift in Sources */,
			);
			runOnlyForDeploymentPostprocessing = 0;
		};
		EA3C21F321470F31006519DE /* Sources */ = {
			isa = PBXSourcesBuildPhase;
			buildActionMask = 2147483647;
			files = (
				EAB2A1AF22614C7900FA8AAF /* ItemViperViewController.swift in Sources */,
				EAB2A1B422614D8700FA8AAF /* ItemViperPresenter.swift in Sources */,
				EA9EB0EF2233CB39002AE18C /* Command.swift in Sources */,
				EA3C223421471FD8006519DE /* SearchService.swift in Sources */,
				EA2B0ECD2233C0F90087295A /* Action.swift in Sources */,
				EA3C22602148558F006519DE /* RepositoriesViewModel.swift in Sources */,
				EA3C224421472253006519DE /* BaseViewController.swift in Sources */,
				EA9EB0F52233D66E002AE18C /* ReduxVCPresenter.swift in Sources */,
				EA3C222321471774006519DE /* User.swift in Sources */,
				EAB2A1B322614C8500FA8AAF /* ItemViperInteractor.swift in Sources */,
				EA3C22552148422C006519DE /* RepositoryCellViewModel.swift in Sources */,
				EA2B0ED12233C1810087295A /* RepositoriesFailLoading.swift in Sources */,
				EA7B5F9621E9F7F9008A2809 /* SearchViperAssembly.swift in Sources */,
				EA3C21FD21470F31006519DE /* ViewController.swift in Sources */,
				EA9EB0F82233DA57002AE18C /* RepositoriesLoadingController.swift in Sources */,
				EA9EB0EA2233C9B8002AE18C /* ReduxViewController.swift in Sources */,
				EA3C224521472253006519DE /* BaseRequestOperation.swift in Sources */,
				EA2B0ED32233C1C30087295A /* RepositoriesStartLoading.swift in Sources */,
				EA3C21FB21470F31006519DE /* AppDelegate.swift in Sources */,
				EAB2A1B122614C7F00FA8AAF /* ItemViperRouter.swift in Sources */,
				EA2B0ECA2233BFA80087295A /* StateLoading.swift in Sources */,
				EA2B0EC62233BF3F0087295A /* State.swift in Sources */,
				EA3C224D21472B1A006519DE /* UIAlerController.swift in Sources */,
				EA7B5F9421E9F77C008A2809 /* SearchViperViewController.swift in Sources */,
				EA3C222E21471D1B006519DE /* NetworkDispatcher.swift in Sources */,
				EA9EB0F32233D2CF002AE18C /* Store.swift in Sources */,
				EA3C222721471A4F006519DE /* ErrorHandler.swift in Sources */,
				EA2B0ECF2233C12C0087295A /* RepositoriesDidLoad.swift in Sources */,
				EA7B5F9821E9F81B008A2809 /* SearchViperRouter.swift in Sources */,
				EA7B5F9021E9F6A5008A2809 /* SearchViperPresenter.swift in Sources */,
				EA3C222C21471D10006519DE /* Request.swift in Sources */,
				EA2B0EC82233BF9A0087295A /* StateRepository.swift in Sources */,
				EA3C22212147162D006519DE /* Repository.swift in Sources */,
				EA3C2225214719F9006519DE /* Environment.swift in Sources */,
				EA3C224721472253006519DE /* RouterAsembly.swift in Sources */,
				EA3C22532148420D006519DE /* RepositoryTableViewCell.swift in Sources */,
				EA7B5F9221E9F6FE008A2809 /* SearchViperInteractor.swift in Sources */,
				EA3C223621471FE8006519DE /* SearchRequest.swift in Sources */,
				EAB2A1B022614C7C00FA8AAF /* ItemViperAssembly.swift in Sources */,
			);
			runOnlyForDeploymentPostprocessing = 0;
		};
		EA794C242261EDA1002E58B3 /* Sources */ = {
			isa = PBXSourcesBuildPhase;
			buildActionMask = 2147483647;
			files = (
				EA794C2B2261EDA1002E58B3 /* PeerlabPDUITests.swift in Sources */,
				EA794C332261EDCB002E58B3 /* SnapshotHelper.swift in Sources */,
			);
			runOnlyForDeploymentPostprocessing = 0;
		};
/* End PBXSourcesBuildPhase section */

/* Begin PBXTargetDependency section */
		EA2B0EDF2233C52F0087295A /* PBXTargetDependency */ = {
			isa = PBXTargetDependency;
			target = EA3C21F621470F31006519DE /* PeerlabPD */;
			targetProxy = EA2B0EDE2233C52F0087295A /* PBXContainerItemProxy */;
		};
		EA794C2E2261EDA1002E58B3 /* PBXTargetDependency */ = {
			isa = PBXTargetDependency;
			target = EA3C21F621470F31006519DE /* PeerlabPD */;
			targetProxy = EA794C2D2261EDA1002E58B3 /* PBXContainerItemProxy */;
		};
/* End PBXTargetDependency section */

/* Begin PBXVariantGroup section */
		EA3C21FE21470F31006519DE /* Main.storyboard */ = {
			isa = PBXVariantGroup;
			children = (
				EA3C21FF21470F31006519DE /* Base */,
			);
			name = Main.storyboard;
			sourceTree = "<group>";
		};
		EA3C220321470F33006519DE /* LaunchScreen.storyboard */ = {
			isa = PBXVariantGroup;
			children = (
				EA3C220421470F33006519DE /* Base */,
			);
			name = LaunchScreen.storyboard;
			sourceTree = "<group>";
		};
/* End PBXVariantGroup section */

/* Begin XCBuildConfiguration section */
		EA2B0EE12233C52F0087295A /* Debug */ = {
			isa = XCBuildConfiguration;
			buildSettings = {
				BUNDLE_LOADER = "$(TEST_HOST)";
				CODE_SIGN_STYLE = Automatic;
				DEVELOPMENT_TEAM = 363TUX9KUK;
				INFOPLIST_FILE = PeerlabPDTests/Info.plist;
				IPHONEOS_DEPLOYMENT_TARGET = 12.1;
				LD_RUNPATH_SEARCH_PATHS = (
					"$(inherited)",
					"@executable_path/Frameworks",
					"@loader_path/Frameworks",
				);
				MTL_ENABLE_DEBUG_INFO = INCLUDE_SOURCE;
				MTL_FAST_MATH = YES;
				PRODUCT_BUNDLE_IDENTIFIER = com.peerlabkh.placedarm;
				PRODUCT_NAME = "$(TARGET_NAME)";
				SWIFT_VERSION = 4.2;
				TARGETED_DEVICE_FAMILY = "1,2";
				TEST_HOST = "$(BUILT_PRODUCTS_DIR)/PeerlabPD.app/PeerlabPD";
			};
			name = Debug;
		};
		EA2B0EE22233C52F0087295A /* Release */ = {
			isa = XCBuildConfiguration;
			buildSettings = {
				BUNDLE_LOADER = "$(TEST_HOST)";
				CODE_SIGN_STYLE = Automatic;
				DEVELOPMENT_TEAM = 363TUX9KUK;
				INFOPLIST_FILE = PeerlabPDTests/Info.plist;
				IPHONEOS_DEPLOYMENT_TARGET = 12.1;
				LD_RUNPATH_SEARCH_PATHS = (
					"$(inherited)",
					"@executable_path/Frameworks",
					"@loader_path/Frameworks",
				);
				MTL_FAST_MATH = YES;
				PRODUCT_BUNDLE_IDENTIFIER = com.peerlabkh.placedarm;
				PRODUCT_NAME = "$(TARGET_NAME)";
				SWIFT_VERSION = 4.2;
				TARGETED_DEVICE_FAMILY = "1,2";
				TEST_HOST = "$(BUILT_PRODUCTS_DIR)/PeerlabPD.app/PeerlabPD";
			};
			name = Release;
		};
		EA3C221221470F33006519DE /* Debug */ = {
			isa = XCBuildConfiguration;
			buildSettings = {
				ALWAYS_SEARCH_USER_PATHS = NO;
				CLANG_ANALYZER_NONNULL = YES;
				CLANG_ANALYZER_NUMBER_OBJECT_CONVERSION = YES_AGGRESSIVE;
				CLANG_CXX_LANGUAGE_STANDARD = "gnu++14";
				CLANG_CXX_LIBRARY = "libc++";
				CLANG_ENABLE_MODULES = YES;
				CLANG_ENABLE_OBJC_ARC = YES;
				CLANG_ENABLE_OBJC_WEAK = YES;
				CLANG_WARN_BLOCK_CAPTURE_AUTORELEASING = YES;
				CLANG_WARN_BOOL_CONVERSION = YES;
				CLANG_WARN_COMMA = YES;
				CLANG_WARN_CONSTANT_CONVERSION = YES;
				CLANG_WARN_DEPRECATED_OBJC_IMPLEMENTATIONS = YES;
				CLANG_WARN_DIRECT_OBJC_ISA_USAGE = YES_ERROR;
				CLANG_WARN_DOCUMENTATION_COMMENTS = YES;
				CLANG_WARN_EMPTY_BODY = YES;
				CLANG_WARN_ENUM_CONVERSION = YES;
				CLANG_WARN_INFINITE_RECURSION = YES;
				CLANG_WARN_INT_CONVERSION = YES;
				CLANG_WARN_NON_LITERAL_NULL_CONVERSION = YES;
				CLANG_WARN_OBJC_IMPLICIT_RETAIN_SELF = YES;
				CLANG_WARN_OBJC_LITERAL_CONVERSION = YES;
				CLANG_WARN_OBJC_ROOT_CLASS = YES_ERROR;
				CLANG_WARN_RANGE_LOOP_ANALYSIS = YES;
				CLANG_WARN_STRICT_PROTOTYPES = YES;
				CLANG_WARN_SUSPICIOUS_MOVE = YES;
				CLANG_WARN_UNGUARDED_AVAILABILITY = YES_AGGRESSIVE;
				CLANG_WARN_UNREACHABLE_CODE = YES;
				CLANG_WARN__DUPLICATE_METHOD_MATCH = YES;
				CODE_SIGN_IDENTITY = "iPhone Developer";
				COPY_PHASE_STRIP = NO;
				DEBUG_INFORMATION_FORMAT = dwarf;
				ENABLE_STRICT_OBJC_MSGSEND = YES;
				ENABLE_TESTABILITY = YES;
				GCC_C_LANGUAGE_STANDARD = gnu11;
				GCC_DYNAMIC_NO_PIC = NO;
				GCC_NO_COMMON_BLOCKS = YES;
				GCC_OPTIMIZATION_LEVEL = 0;
				GCC_PREPROCESSOR_DEFINITIONS = (
					"DEBUG=1",
					"$(inherited)",
				);
				GCC_WARN_64_TO_32_BIT_CONVERSION = YES;
				GCC_WARN_ABOUT_RETURN_TYPE = YES_ERROR;
				GCC_WARN_UNDECLARED_SELECTOR = YES;
				GCC_WARN_UNINITIALIZED_AUTOS = YES_AGGRESSIVE;
				GCC_WARN_UNUSED_FUNCTION = YES;
				GCC_WARN_UNUSED_VARIABLE = YES;
				IPHONEOS_DEPLOYMENT_TARGET = 11.4;
				MTL_ENABLE_DEBUG_INFO = YES;
				ONLY_ACTIVE_ARCH = YES;
				SDKROOT = iphoneos;
				SWIFT_ACTIVE_COMPILATION_CONDITIONS = DEBUG;
				SWIFT_OPTIMIZATION_LEVEL = "-Onone";
			};
			name = Debug;
		};
		EA3C221321470F33006519DE /* Release */ = {
			isa = XCBuildConfiguration;
			buildSettings = {
				ALWAYS_SEARCH_USER_PATHS = NO;
				CLANG_ANALYZER_NONNULL = YES;
				CLANG_ANALYZER_NUMBER_OBJECT_CONVERSION = YES_AGGRESSIVE;
				CLANG_CXX_LANGUAGE_STANDARD = "gnu++14";
				CLANG_CXX_LIBRARY = "libc++";
				CLANG_ENABLE_MODULES = YES;
				CLANG_ENABLE_OBJC_ARC = YES;
				CLANG_ENABLE_OBJC_WEAK = YES;
				CLANG_WARN_BLOCK_CAPTURE_AUTORELEASING = YES;
				CLANG_WARN_BOOL_CONVERSION = YES;
				CLANG_WARN_COMMA = YES;
				CLANG_WARN_CONSTANT_CONVERSION = YES;
				CLANG_WARN_DEPRECATED_OBJC_IMPLEMENTATIONS = YES;
				CLANG_WARN_DIRECT_OBJC_ISA_USAGE = YES_ERROR;
				CLANG_WARN_DOCUMENTATION_COMMENTS = YES;
				CLANG_WARN_EMPTY_BODY = YES;
				CLANG_WARN_ENUM_CONVERSION = YES;
				CLANG_WARN_INFINITE_RECURSION = YES;
				CLANG_WARN_INT_CONVERSION = YES;
				CLANG_WARN_NON_LITERAL_NULL_CONVERSION = YES;
				CLANG_WARN_OBJC_IMPLICIT_RETAIN_SELF = YES;
				CLANG_WARN_OBJC_LITERAL_CONVERSION = YES;
				CLANG_WARN_OBJC_ROOT_CLASS = YES_ERROR;
				CLANG_WARN_RANGE_LOOP_ANALYSIS = YES;
				CLANG_WARN_STRICT_PROTOTYPES = YES;
				CLANG_WARN_SUSPICIOUS_MOVE = YES;
				CLANG_WARN_UNGUARDED_AVAILABILITY = YES_AGGRESSIVE;
				CLANG_WARN_UNREACHABLE_CODE = YES;
				CLANG_WARN__DUPLICATE_METHOD_MATCH = YES;
				CODE_SIGN_IDENTITY = "iPhone Developer";
				COPY_PHASE_STRIP = NO;
				DEBUG_INFORMATION_FORMAT = "dwarf-with-dsym";
				ENABLE_NS_ASSERTIONS = NO;
				ENABLE_STRICT_OBJC_MSGSEND = YES;
				GCC_C_LANGUAGE_STANDARD = gnu11;
				GCC_NO_COMMON_BLOCKS = YES;
				GCC_WARN_64_TO_32_BIT_CONVERSION = YES;
				GCC_WARN_ABOUT_RETURN_TYPE = YES_ERROR;
				GCC_WARN_UNDECLARED_SELECTOR = YES;
				GCC_WARN_UNINITIALIZED_AUTOS = YES_AGGRESSIVE;
				GCC_WARN_UNUSED_FUNCTION = YES;
				GCC_WARN_UNUSED_VARIABLE = YES;
				IPHONEOS_DEPLOYMENT_TARGET = 11.4;
				MTL_ENABLE_DEBUG_INFO = NO;
				SDKROOT = iphoneos;
				SWIFT_COMPILATION_MODE = wholemodule;
				SWIFT_OPTIMIZATION_LEVEL = "-O";
				VALIDATE_PRODUCT = YES;
			};
			name = Release;
		};
		EA3C221521470F33006519DE /* Debug */ = {
			isa = XCBuildConfiguration;
			baseConfigurationReference = 3C978D3BDEECD29F13B1ADC6 /* Pods-PeerlabPD.debug.xcconfig */;
			buildSettings = {
				ASSETCATALOG_COMPILER_APPICON_NAME = AppIcon;
				CODE_SIGN_IDENTITY = "iPhone Developer";
				CODE_SIGN_STYLE = Automatic;
				DEVELOPMENT_TEAM = 363TUX9KUK;
				INFOPLIST_FILE = "$(SRCROOT)/PeerlabPD/AppFiles/Info.plist";
				IPHONEOS_DEPLOYMENT_TARGET = 10.0;
				LD_RUNPATH_SEARCH_PATHS = (
					"$(inherited)",
					"@executable_path/Frameworks",
				);
				PRODUCT_BUNDLE_IDENTIFIER = com.peerlabkh.placedarm;
				PRODUCT_NAME = "$(TARGET_NAME)";
				PROVISIONING_PROFILE_SPECIFIER = "";
				SWIFT_VERSION = 4.2;
				TARGETED_DEVICE_FAMILY = "1,2";
			};
			name = Debug;
		};
		EA3C221621470F33006519DE /* Release */ = {
			isa = XCBuildConfiguration;
			baseConfigurationReference = F08698A4224B7B5E2B233FCB /* Pods-PeerlabPD.release.xcconfig */;
			buildSettings = {
				ASSETCATALOG_COMPILER_APPICON_NAME = AppIcon;
				CODE_SIGN_IDENTITY = "iPhone Developer";
				CODE_SIGN_STYLE = Automatic;
				DEVELOPMENT_TEAM = 363TUX9KUK;
				INFOPLIST_FILE = "$(SRCROOT)/PeerlabPD/AppFiles/Info.plist";
				IPHONEOS_DEPLOYMENT_TARGET = 10.0;
				LD_RUNPATH_SEARCH_PATHS = (
					"$(inherited)",
					"@executable_path/Frameworks",
				);
				PRODUCT_BUNDLE_IDENTIFIER = com.peerlabkh.placedarm;
				PRODUCT_NAME = "$(TARGET_NAME)";
				PROVISIONING_PROFILE_SPECIFIER = "";
				SWIFT_VERSION = 4.2;
				TARGETED_DEVICE_FAMILY = "1,2";
			};
			name = Release;
		};
		EA794C2F2261EDA1002E58B3 /* Debug */ = {
			isa = XCBuildConfiguration;
			buildSettings = {
				CODE_SIGN_STYLE = Automatic;
				DEVELOPMENT_TEAM = 363TUX9KUK;
				INFOPLIST_FILE = PeerlabPDUITests/Info.plist;
				IPHONEOS_DEPLOYMENT_TARGET = 12.1;
				LD_RUNPATH_SEARCH_PATHS = (
					"$(inherited)",
					"@executable_path/Frameworks",
					"@loader_path/Frameworks",
				);
				MTL_ENABLE_DEBUG_INFO = INCLUDE_SOURCE;
				MTL_FAST_MATH = YES;
				PRODUCT_BUNDLE_IDENTIFIER = com.IvanKram.tets.PeerlabPDUITests;
				PRODUCT_NAME = "$(TARGET_NAME)";
				SWIFT_VERSION = 4.2;
				TARGETED_DEVICE_FAMILY = "1,2";
				TEST_TARGET_NAME = PeerlabPD;
			};
			name = Debug;
		};
		EA794C302261EDA1002E58B3 /* Release */ = {
			isa = XCBuildConfiguration;
			buildSettings = {
				CODE_SIGN_STYLE = Automatic;
				DEVELOPMENT_TEAM = 363TUX9KUK;
				INFOPLIST_FILE = PeerlabPDUITests/Info.plist;
				IPHONEOS_DEPLOYMENT_TARGET = 12.1;
				LD_RUNPATH_SEARCH_PATHS = (
					"$(inherited)",
					"@executable_path/Frameworks",
					"@loader_path/Frameworks",
				);
				MTL_FAST_MATH = YES;
				PRODUCT_BUNDLE_IDENTIFIER = com.IvanKram.tets.PeerlabPDUITests;
				PRODUCT_NAME = "$(TARGET_NAME)";
				SWIFT_VERSION = 4.2;
				TARGETED_DEVICE_FAMILY = "1,2";
				TEST_TARGET_NAME = PeerlabPD;
			};
			name = Release;
		};
/* End XCBuildConfiguration section */

/* Begin XCConfigurationList section */
		EA2B0EE02233C52F0087295A /* Build configuration list for PBXNativeTarget "PeerlabPDTests" */ = {
			isa = XCConfigurationList;
			buildConfigurations = (
				EA2B0EE12233C52F0087295A /* Debug */,
				EA2B0EE22233C52F0087295A /* Release */,
			);
			defaultConfigurationIsVisible = 0;
			defaultConfigurationName = Release;
		};
		EA3C21F221470F31006519DE /* Build configuration list for PBXProject "PeerlabPD" */ = {
			isa = XCConfigurationList;
			buildConfigurations = (
				EA3C221221470F33006519DE /* Debug */,
				EA3C221321470F33006519DE /* Release */,
			);
			defaultConfigurationIsVisible = 0;
			defaultConfigurationName = Release;
		};
		EA3C221421470F33006519DE /* Build configuration list for PBXNativeTarget "PeerlabPD" */ = {
			isa = XCConfigurationList;
			buildConfigurations = (
				EA3C221521470F33006519DE /* Debug */,
				EA3C221621470F33006519DE /* Release */,
			);
			defaultConfigurationIsVisible = 0;
			defaultConfigurationName = Release;
		};
		EA794C312261EDA1002E58B3 /* Build configuration list for PBXNativeTarget "PeerlabPDUITests" */ = {
			isa = XCConfigurationList;
			buildConfigurations = (
				EA794C2F2261EDA1002E58B3 /* Debug */,
				EA794C302261EDA1002E58B3 /* Release */,
			);
			defaultConfigurationIsVisible = 0;
			defaultConfigurationName = Release;
		};
/* End XCConfigurationList section */
	};
	rootObject = EA3C21EF21470F31006519DE /* Project object */;
}
